hash: 6edd5c77aa5e726797a54bca6592a2c1deb4593709762684dacfcda112fb63e3
updated: 2018-02-04T15:11:48.505874571+02:00
imports:
- name: github.com/agl/ed25519
  version: 278e1ec8e8a6e017cd07577924d6766039146ced
  subpackages:
  - edwards25519
- name: github.com/davecgh/go-spew
  version: 5215b55f46b2b919f50a1df0eaa5886afe4e3b3d
  repo: https://github.com/davecgh/go-spew
  subpackages:
  - spew
- name: github.com/getsentry/raven-go
  version: c9d3cc542ad199f62c0264286be537f9bce6063c
  repo: https://github.com/getsentry/raven-go
- name: github.com/go-errors/errors
  version: a41850380601eeb43f4350f7d17c6bbd8944aaf8
  repo: https://github.com/go-errors/errors
- name: github.com/go-kit/kit
  version: 4dc7be5d2d12881735283bcab7352178e190fc71
  subpackages:
  - log
  - log/level
  - log/term
- name: github.com/go-logfmt/logfmt
  version: d4327190ff838312623b09bfeb50d7c93c8d9c1d
- name: github.com/go-stack/stack
  version: 100eb0c0a9c5b306ca2fb4f165df21d80ada4b82
- name: github.com/kr/logfmt
  version: b84e30acd515aadc4b783ad4ff83aff3299bdfe0
- name: github.com/manucorporat/sse
  version: ee05b128a739a0fb76c7ebd3ae4810c1de808d6d
  repo: https://github.com/manucorporat/sse
- name: github.com/nullstyle/go-xdr
  version: a875e7c9fa2388ce03279f6b5ba1c2ccd1f9e917
  repo: https://github.com/nullstyle/go-xdr
  subpackages:
  - xdr3
- name: github.com/pkg/errors
  version: 645ef00459ed84a119197bfb8d8205042c6df63d
  repo: https://github.com/pkg/errors
- name: github.com/pmezard/go-difflib
  version: 792786c7400a136282c1664665ae0a8db921c6c2
  repo: https://github.com/pmezard/go-difflib
  subpackages:
  - difflib
- name: github.com/segmentio/go-loggly
  version: eb91657e62b25699dd4e84d5562735440d4beace
  repo: https://github.com/segmentio/go-loggly
- name: github.com/sirupsen/logrus
  version: 68cec9f21fbf3ea8d8f98c044bc6ce05f17b267a
  repo: https://github.com/sirupsen/logrus
  subpackages:
  - hooks/test
- name: github.com/stellar/go
  version: 333387f23a0f205a3c00bdc33cb454e0fda32095
  subpackages:
  - amount
  - build
  - clients/horizon
  - crc16
  - hash
  - keypair
  - network
  - price
  - strkey
  - support/errors
  - support/http/mutil
  - support/log
  - support/render/problem
  - xdr
- name: github.com/stretchr/objx
  version: 1a9d0bb9f541897e62256577b352fdbc1fb4fd94
  repo: https://github.com/stretchr/objx
- name: github.com/stretchr/testify
  version: 976c720a22c8eb4eb6a0b4348ad85ad12491a506
  repo: https://github.com/stretchr/testify
  subpackages:
  - assert
  - mock
  - require
- name: golang.org/x/net
  version: 9bc2a3340c92c17a20edcd0080e93851ed58f5d5
  repo: https://go.googlesource.com/net
  subpackages:
  - context
  - http2
  - netutil
  - publicsuffix
- name: golang.org/x/sys
  version: a646d33e2ee3172a661fc09bca23bb4889a41bc8
  subpackages:
  - unix
- name: golang.org/x/time
  version: 6dc17368e09b0e8634d71cac8168d853e869a0c7
  subpackages:
  - rate
testImports: []
