# This file is autogenerated, do not edit; changes may be undone by the next 'dep ensure'.


[[projects]]
  digest = "1:47ea4fbe2ab4aeb9808502c51e657041c2e49b36b83fc1c1a349135cdf16342f"
  name = "github.com/agl/ed25519"
  packages = [
    ".",
    "edwards25519",
  ]
  pruneopts = "UT"
  revision = "278e1ec8e8a6e017cd07577924d6766039146ced"

[[projects]]
  digest = "1:620bade21ddf8256869717861431d52650c7e40bc56bdcd3d5ec3da63e7573b0"
  name = "github.com/davecgh/go-spew"
  packages = ["spew"]
  pruneopts = "UT"
  revision = "5215b55f46b2b919f50a1df0eaa5886afe4e3b3d"

[[projects]]
  digest = "1:86182b0a05e928b62775e9012b613dbb59bd41ed1c80375bcca40a4ccdea29ba"
  name = "github.com/getsentry/raven-go"
  packages = ["."]
  pruneopts = "UT"
  revision = "c9d3cc542ad199f62c0264286be537f9bce6063c"

[[projects]]
  digest = "1:0a10955eef903751ab7acb6664d3d5efa3de2de693dafd2ed01a7cfedf6636e8"
  name = "github.com/go-errors/errors"
  packages = ["."]
  pruneopts = "UT"
  revision = "a41850380601eeb43f4350f7d17c6bbd8944aaf8"

[[projects]]
  digest = "1:704b145137b5555c6bac6a7e52875e4df8a0a1b7ea74aaae864abcab61e672b0"
  name = "github.com/go-kit/kit"
  packages = [
    "log",
    "log/level",
    "log/term",
  ]
  pruneopts = "UT"
  revision = "4dc7be5d2d12881735283bcab7352178e190fc71"
  version = "v0.6.0"

[[projects]]
  digest = "1:dfc7ac724a57bd28405cb8d3ef45aff308eccbc2efeec0ffce9e79bf3005bed9"
  name = "github.com/go-logfmt/logfmt"
  packages = ["."]
  pruneopts = "UT"
  revision = "d4327190ff838312623b09bfeb50d7c93c8d9c1d"

[[projects]]
  digest = "1:cdb6ee9162f4ce18ab16264928a31f91c43a08e065c7ef149e86ba49c6a4495e"
  name = "github.com/go-stack/stack"
  packages = ["."]
  pruneopts = "UT"
  revision = "100eb0c0a9c5b306ca2fb4f165df21d80ada4b82"
  version = "v1.5.2"

[[projects]]
  branch = "master"
  digest = "1:a64e323dc06b73892e5bb5d040ced475c4645d456038333883f58934abbf6f72"
  name = "github.com/kr/logfmt"
  packages = ["."]
  pruneopts = "UT"
  revision = "b84e30acd515aadc4b783ad4ff83aff3299bdfe0"

[[projects]]
  branch = "master"
  digest = "1:31bd492aa2822484bcec518e0b693e1aedfdf9637b43527c0ad29d5cf8abfd43"
  name = "github.com/manucorporat/sse"
  packages = ["."]
  pruneopts = "UT"
  revision = "ee05b128a739a0fb76c7ebd3ae4810c1de808d6d"

[[projects]]
  digest = "1:4ca21bbfb1d1b3022c9dab047b5a19c2422ad239d5a7323ff53087816389853d"
  name = "github.com/nullstyle/go-xdr"
  packages = ["xdr3"]
  pruneopts = "UT"
  revision = "a875e7c9fa2388ce03279f6b5ba1c2ccd1f9e917"

[[projects]]
  digest = "1:40e195917a951a8bf867cd05de2a46aaf1806c50cf92eebf4c16f78cd196f747"
  name = "github.com/pkg/errors"
  packages = ["."]
  pruneopts = "UT"
  revision = "645ef00459ed84a119197bfb8d8205042c6df63d"
  version = "v0.8.0"

[[projects]]
  digest = "1:0028cb19b2e4c3112225cd871870f2d9cf49b9b4276531f03438a88e94be86fe"
  name = "github.com/pmezard/go-difflib"
  packages = ["difflib"]
  pruneopts = "UT"
  revision = "792786c7400a136282c1664665ae0a8db921c6c2"
  version = "v1.0.0"

[[projects]]
  digest = "1:11111a3e188b41fc4a97ea99d5ec026638f733c7d3a855549c1fe2fc9f0745d8"
  name = "github.com/segmentio/go-loggly"
  packages = ["."]
  pruneopts = "UT"
  revision = "eb91657e62b25699dd4e84d5562735440d4beace"

[[projects]]
  digest = "1:622a93cd4d5e98d0fc84d61f8a70968cecbbd781dc62f1917ac59f9f36308378"
  name = "github.com/sirupsen/logrus"
  packages = [
    ".",
    "hooks/test",
  ]
  pruneopts = "UT"
  revision = "68cec9f21fbf3ea8d8f98c044bc6ce05f17b267a"

[[projects]]
  digest = "1:c13cecc840816df0337e1d405a159d578d9f4e682029a5c40f485980f914cfe1"
  name = "github.com/stellar/go"
  packages = [
    "amount",
    "build",
    "clients/horizon",
    "crc16",
    "hash",
    "keypair",
    "network",
    "price",
    "strkey",
    "support/errors",
    "support/http/mutil",
    "support/log",
    "support/render/problem",
    "xdr",
  ]
  pruneopts = "UT"
  revision = "333387f23a0f205a3c00bdc33cb454e0fda32095"

[[projects]]
  digest = "1:9bf0f8c6684cd6cb34d838c6f8a07043d6c48be79ffe271cae99633990f8d786"
  name = "github.com/stretchr/objx"
  packages = ["."]
  pruneopts = "UT"
  revision = "1a9d0bb9f541897e62256577b352fdbc1fb4fd94"

[[projects]]
  digest = "1:e66dfac7b4b4d8211b606ccd51c27802413c684cb9283177676c4a3726ee8808"
  name = "github.com/stretchr/testify"
  packages = [
    "assert",
    "mock",
  ]
  pruneopts = "UT"
  revision = "976c720a22c8eb4eb6a0b4348ad85ad12491a506"

[[projects]]
  digest = "1:041166c169a282ba0a651bf107ac5395fef8b98fdca38cb3e4ed4cac15761c56"
  name = "golang.org/x/net"
  packages = ["context"]
  pruneopts = "UT"
  revision = "9bc2a3340c92c17a20edcd0080e93851ed58f5d5"

[[projects]]
  digest = "1:e16c53d2592b2ba64d1a6da684a952bdff8815ed8b901b220fe875864b664643"
  name = "golang.org/x/sys"
  packages = ["unix"]
  pruneopts = "UT"
  revision = "a646d33e2ee3172a661fc09bca23bb4889a41bc8"

[[projects]]
  digest = "1:51a479a09b7ed06b7be5a854e27fcc328718ae0e5ad159f9ddeef12d0326c2e7"
  name = "golang.org/x/time"
  packages = ["rate"]
  pruneopts = "UT"
  revision = "6dc17368e09b0e8634d71cac8168d853e869a0c7"

[solve-meta]
  analyzer-name = "dep"
  analyzer-version = 1
  input-imports = [
    "github.com/go-kit/kit/log",
    "github.com/go-kit/kit/log/level",
    "github.com/go-kit/kit/log/term",
    "github.com/stellar/go/build",
    "github.com/stellar/go/clients/horizon",
    "github.com/stellar/go/keypair",
    "github.com/stellar/go/xdr",
    "golang.org/x/time/rate",
  ]
  solver-name = "gps-cdcl"
  solver-version = 1
